
Microsoft Visual Studio Solution File, Format Version 12.00
# Visual Studio Version 17
VisualStudioVersion = 17.8.34330.188
MinimumVisualStudioVersion = 10.0.40219.1
Project("{FAE04EC0-301F-11D3-BF4B-00C04F79EFBC}") = "p3rpc.commonmodutils", "p3rpc.commonmodutils\p3rpc.commonmodutils.csproj", "{69589CA5-329E-45BB-A22A-B0BBE49C4A85}"
EndProject
Global
	GlobalSection(SolutionConfigurationPlatforms) = preSolution
		Debug|Any CPU = Debug|Any CPU
		Release|Any CPU = Release|Any CPU
	EndGlobalSection
	GlobalSection(ProjectConfigurationPlatforms) = postSolution
		{69589CA5-329E-45BB-A22A-B0BBE49C4A85}.Debug|Any CPU.ActiveCfg = Debug|Any CPU
		{69589CA5-329E-45BB-A22A-B0BBE49C4A85}.Debug|Any CPU.Build.0 = Debug|Any CPU
		{69589CA5-329E-45BB-A22A-B0BBE49C4A85}.Release|Any CPU.ActiveCfg = Release|Any CPU
		{69589CA5-329E-45BB-A22A-B0BBE49C4A85}.Release|Any CPU.Build.0 = Release|Any CPU
	EndGlobalSection
	GlobalSection(SolutionProperties) = preSolution
		HideSolutionNode = FALSE
	EndGlobalSection
	GlobalSection(ExtensibilityGlobals) = postSolution
		SolutionGuid = {A1E2D941-1489-4244-A7F0-A53907A69018}
	EndGlobalSection
EndGlobal
